
Microsoft Visual Studio Solution File, Format Version 12.00
# Visual Studio Version 17
VisualStudioVersion = 17.14.36414.22 d17.14
MinimumVisualStudioVersion = 10.0.40219.1
Project("{FAE04EC0-301F-11D3-BF4B-00C04F79EFBC}") = "Lab_rab_1_1_Husainova_R.Z._BPI_23_02", "Lab_rab_1_1_Husainova_R.Z._BPI_23_02\Lab_rab_1_1_Husainova_R.Z._BPI_23_02.csproj", "{FD3FCE2B-EE29-4E50-9C43-2F50D0164D76}"
EndProject
Global
	GlobalSection(SolutionConfigurationPlatforms) = preSolution
		Debug|Any CPU = Debug|Any CPU
		Release|Any CPU = Release|Any CPU
	EndGlobalSection
	GlobalSection(ProjectConfigurationPlatforms) = postSolution
		{FD3FCE2B-EE29-4E50-9C43-2F50D0164D76}.Debug|Any CPU.ActiveCfg = Debug|Any CPU
		{FD3FCE2B-EE29-4E50-9C43-2F50D0164D76}.Debug|Any CPU.Build.0 = Debug|Any CPU
		{FD3FCE2B-EE29-4E50-9C43-2F50D0164D76}.Release|Any CPU.ActiveCfg = Release|Any CPU
		{FD3FCE2B-EE29-4E50-9C43-2F50D0164D76}.Release|Any CPU.Build.0 = Release|Any CPU
	EndGlobalSection
	GlobalSection(SolutionProperties) = preSolution
		HideSolutionNode = FALSE
	EndGlobalSection
	GlobalSection(ExtensibilityGlobals) = postSolution
		SolutionGuid = {B145B397-3F79-4E8E-BF10-53B871B9A3CA}
	EndGlobalSection
EndGlobal
